
Microsoft Visual Studio Solution File, Format Version 11.00
# Visual Studio 2010
Project("{FAE04EC0-301F-11D3-BF4B-00C04F79EFBC}") = "PCB Layout GA", "PCB GA\PCB Layout GA.csproj", "{875BC8D1-1979-499D-8114-8439AF956287}"
EndProject
Project("{FAE04EC0-301F-11D3-BF4B-00C04F79EFBC}") = "PCBGeneticAlgorithm", "PCBGeneticAlgorithm\PCBGeneticAlgorithm.csproj", "{AAECCE2A-92A1-4AE6-83F7-DD8708A2A1DB}"
EndProject
Project("{FAE04EC0-301F-11D3-BF4B-00C04F79EFBC}") = "DelaunayTriangulation", "DelaunayTriangulation\DelaunayTriangulation.csproj", "{04396B7E-4566-4920-AC03-D5360604DF33}"
EndProject
Project("{2150E333-8FDC-42A3-9474-1A3956D46DE8}") = "Solution Items", "Solution Items", "{4499BBF2-D1CB-4169-AD9F-C6B86FCC860C}"
	ProjectSection(SolutionItems) = preProject
		Performance1.psess = Performance1.psess
		Performance2.psess = Performance2.psess
	EndProjectSection
EndProject
Global
	GlobalSection(SolutionConfigurationPlatforms) = preSolution
		Debug|Any CPU = Debug|Any CPU
		Debug|Mixed Platforms = Debug|Mixed Platforms
		Debug|x86 = Debug|x86
		Release|Any CPU = Release|Any CPU
		Release|Mixed Platforms = Release|Mixed Platforms
		Release|x86 = Release|x86
	EndGlobalSection
	GlobalSection(ProjectConfigurationPlatforms) = postSolution
		{875BC8D1-1979-499D-8114-8439AF956287}.Debug|Any CPU.ActiveCfg = Debug|x86
		{875BC8D1-1979-499D-8114-8439AF956287}.Debug|Mixed Platforms.ActiveCfg = Debug|x86
		{875BC8D1-1979-499D-8114-8439AF956287}.Debug|Mixed Platforms.Build.0 = Debug|x86
		{875BC8D1-1979-499D-8114-8439AF956287}.Debug|x86.ActiveCfg = Debug|x86
		{875BC8D1-1979-499D-8114-8439AF956287}.Debug|x86.Build.0 = Debug|x86
		{875BC8D1-1979-499D-8114-8439AF956287}.Release|Any CPU.ActiveCfg = Release|x86
		{875BC8D1-1979-499D-8114-8439AF956287}.Release|Mixed Platforms.ActiveCfg = Release|x86
		{875BC8D1-1979-499D-8114-8439AF956287}.Release|Mixed Platforms.Build.0 = Release|x86
		{875BC8D1-1979-499D-8114-8439AF956287}.Release|x86.ActiveCfg = Release|x86
		{875BC8D1-1979-499D-8114-8439AF956287}.Release|x86.Build.0 = Release|x86
		{AAECCE2A-92A1-4AE6-83F7-DD8708A2A1DB}.Debug|Any CPU.ActiveCfg = Debug|Any CPU
		{AAECCE2A-92A1-4AE6-83F7-DD8708A2A1DB}.Debug|Any CPU.Build.0 = Debug|Any CPU
		{AAECCE2A-92A1-4AE6-83F7-DD8708A2A1DB}.Debug|Mixed Platforms.ActiveCfg = Debug|Any CPU
		{AAECCE2A-92A1-4AE6-83F7-DD8708A2A1DB}.Debug|Mixed Platforms.Build.0 = Debug|Any CPU
		{AAECCE2A-92A1-4AE6-83F7-DD8708A2A1DB}.Debug|x86.ActiveCfg = Debug|Any CPU
		{AAECCE2A-92A1-4AE6-83F7-DD8708A2A1DB}.Release|Any CPU.ActiveCfg = Release|Any CPU
		{AAECCE2A-92A1-4AE6-83F7-DD8708A2A1DB}.Release|Any CPU.Build.0 = Release|Any CPU
		{AAECCE2A-92A1-4AE6-83F7-DD8708A2A1DB}.Release|Mixed Platforms.ActiveCfg = Release|Any CPU
		{AAECCE2A-92A1-4AE6-83F7-DD8708A2A1DB}.Release|Mixed Platforms.Build.0 = Release|Any CPU
		{AAECCE2A-92A1-4AE6-83F7-DD8708A2A1DB}.Release|x86.ActiveCfg = Release|Any CPU
		{04396B7E-4566-4920-AC03-D5360604DF33}.Debug|Any CPU.ActiveCfg = Debug|Any CPU
		{04396B7E-4566-4920-AC03-D5360604DF33}.Debug|Any CPU.Build.0 = Debug|Any CPU
		{04396B7E-4566-4920-AC03-D5360604DF33}.Debug|Mixed Platforms.ActiveCfg = Debug|Any CPU
		{04396B7E-4566-4920-AC03-D5360604DF33}.Debug|Mixed Platforms.Build.0 = Debug|Any CPU
		{04396B7E-4566-4920-AC03-D5360604DF33}.Debug|x86.ActiveCfg = Debug|Any CPU
		{04396B7E-4566-4920-AC03-D5360604DF33}.Release|Any CPU.ActiveCfg = Release|Any CPU
		{04396B7E-4566-4920-AC03-D5360604DF33}.Release|Any CPU.Build.0 = Release|Any CPU
		{04396B7E-4566-4920-AC03-D5360604DF33}.Release|Mixed Platforms.ActiveCfg = Release|Any CPU
		{04396B7E-4566-4920-AC03-D5360604DF33}.Release|Mixed Platforms.Build.0 = Release|Any CPU
		{04396B7E-4566-4920-AC03-D5360604DF33}.Release|x86.ActiveCfg = Release|Any CPU
	EndGlobalSection
	GlobalSection(SolutionProperties) = preSolution
		HideSolutionNode = FALSE
	EndGlobalSection
EndGlobal
