
Microsoft Visual Studio Solution File, Format Version 11.00
# Visual Studio 2010
Project("{8BC9CEB8-8B4A-11D0-8D11-00A0C91BC942}") = "PCB GA", "PCB GA.vcxproj", "{E47DF4BC-3054-4A4E-AD36-6662EA446AE5}"
EndProject
Global
	GlobalSection(SolutionConfigurationPlatforms) = preSolution
		Debug|Win32 = Debug|Win32
		Release|Win32 = Release|Win32
	EndGlobalSection
	GlobalSection(ProjectConfigurationPlatforms) = postSolution
		{E47DF4BC-3054-4A4E-AD36-6662EA446AE5}.Debug|Win32.ActiveCfg = Debug|Win32
		{E47DF4BC-3054-4A4E-AD36-6662EA446AE5}.Debug|Win32.Build.0 = Debug|Win32
		{E47DF4BC-3054-4A4E-AD36-6662EA446AE5}.Release|Win32.ActiveCfg = Release|Win32
		{E47DF4BC-3054-4A4E-AD36-6662EA446AE5}.Release|Win32.Build.0 = Release|Win32
	EndGlobalSection
	GlobalSection(SolutionProperties) = preSolution
		HideSolutionNode = FALSE
	EndGlobalSection
EndGlobal
